// !$*UTF8*$!
{
	archiveVersion = 1;
	classes = {
	};
	objectVersion = 46;
	objects = {

/* Begin PBXBuildFile section */
		BC23813B1C5AF762000E09EF /* main.m in Sources */ = {isa = PBXBuildFile; fileRef = BC23813A1C5AF762000E09EF /* main.m */; };
		BC23813E1C5AF762000E09EF /* AppDelegate.m in Sources */ = {isa = PBXBuildFile; fileRef = BC23813D1C5AF762000E09EF /* AppDelegate.m */; };
		BC2381411C5AF762000E09EF /* ViewController.m in Sources */ = {isa = PBXBuildFile; fileRef = BC2381401C5AF762000E09EF /* ViewController.m */; };
		BC2381441C5AF762000E09EF /* Main.storyboard in Resources */ = {isa = PBXBuildFile; fileRef = BC2381421C5AF762000E09EF /* Main.storyboard */; };
		BC2381461C5AF762000E09EF /* Assets.xcassets in Resources */ = {isa = PBXBuildFile; fileRef = BC2381451C5AF762000E09EF /* Assets.xcassets */; };
		BC2381491C5AF762000E09EF /* LaunchScreen.storyboard in Resources */ = {isa = PBXBuildFile; fileRef = BC2381471C5AF762000E09EF /* LaunchScreen.storyboard */; };
		BC2381541C5AF762000E09EF /* POISearch____Tests.m in Sources */ = {isa = PBXBuildFile; fileRef = BC2381531C5AF762000E09EF /* POISearch____Tests.m */; };
		BC23815F1C5AF762000E09EF /* POISearch____UITests.m in Sources */ = {isa = PBXBuildFile; fileRef = BC23815E1C5AF762000E09EF /* POISearch____UITests.m */; };
		BC23816E1C5B02DF000E09EF /* MyAnnotation.m in Sources */ = {isa = PBXBuildFile; fileRef = BC23816D1C5B02DF000E09EF /* MyAnnotation.m */; };
/* End PBXBuildFile section */

/* Begin PBXContainerItemProxy section */
		BC2381501C5AF762000E09EF /* PBXContainerItemProxy */ = {
			isa = PBXContainerItemProxy;
			containerPortal = BC23812E1C5AF762000E09EF /* Project object */;
			proxyType = 1;
			remoteGlobalIDString = BC2381351C5AF762000E09EF;
			remoteInfo = "POISearch热点检索";
		};
		BC23815B1C5AF762000E09EF /* PBXContainerItemProxy */ = {
			isa = PBXContainerItemProxy;
			containerPortal = BC23812E1C5AF762000E09EF /* Project object */;
			proxyType = 1;
			remoteGlobalIDString = BC2381351C5AF762000E09EF;
			remoteInfo = "POISearch热点检索";
		};
/* End PBXContainerItemProxy section */

/* Begin PBXFileReference section */
		BC2381361C5AF762000E09EF /* POISearch热点检索.app */ = {isa = PBXFileReference; explicitFileType = wrapper.application; includeInIndex = 0; path = "POISearch热点检索.app"; sourceTree = BUILT_PRODUCTS_DIR; };
		BC23813A1C5AF762000E09EF /* main.m */ = {isa = PBXFileReference; lastKnownFileType = sourcecode.c.objc; path = main.m; sourceTree = "<group>"; };
		BC23813C1C5AF762000E09EF /* AppDelegate.h */ = {isa = PBXFileReference; lastKnownFileType = sourcecode.c.h; path = AppDelegate.h; sourceTree = "<group>"; };
		BC23813D1C5AF762000E09EF /* AppDelegate.m */ = {isa = PBXFileReference; lastKnownFileType = sourcecode.c.objc; path = AppDelegate.m; sourceTree = "<group>"; };
		BC23813F1C5AF762000E09EF /* ViewController.h */ = {isa = PBXFileReference; lastKnownFileType = sourcecode.c.h; path = ViewController.h; sourceTree = "<group>"; };
		BC2381401C5AF762000E09EF /* ViewController.m */ = {isa = PBXFileReference; lastKnownFileType = sourcecode.c.objc; path = ViewController.m; sourceTree = "<group>"; };
		BC2381431C5AF762000E09EF /* Base */ = {isa = PBXFileReference; lastKnownFileType = file.storyboard; name = Base; path = Base.lproj/Main.storyboard; sourceTree = "<group>"; };
		BC2381451C5AF762000E09EF /* Assets.xcassets */ = {isa = PBXFileReference; lastKnownFileType = folder.assetcatalog; path = Assets.xcassets; sourceTree = "<group>"; };
		BC2381481C5AF762000E09EF /* Base */ = {isa = PBXFileReference; lastKnownFileType = file.storyboard; name = Base; path = Base.lproj/LaunchScreen.storyboard; sourceTree = "<group>"; };
		BC23814A1C5AF762000E09EF /* Info.plist */ = {isa = PBXFileReference; lastKnownFileType = text.plist.xml; path = Info.plist; sourceTree = "<group>"; };
		BC23814F1C5AF762000E09EF /* POISearch热点检索Tests.xctest */ = {isa = PBXFileReference; explicitFileType = wrapper.cfbundle; includeInIndex = 0; path = "POISearch热点检索Tests.xctest"; sourceTree = BUILT_PRODUCTS_DIR; };
		BC2381531C5AF762000E09EF /* POISearch____Tests.m */ = {isa = PBXFileReference; lastKnownFileType = sourcecode.c.objc; path = "POISearch____Tests.m"; sourceTree = "<group>"; };
		BC2381551C5AF762000E09EF /* Info.plist */ = {isa = PBXFileReference; lastKnownFileType = text.plist.xml; path = Info.plist; sourceTree = "<group>"; };
		BC23815A1C5AF762000E09EF /* POISearch热点检索UITests.xctest */ = {isa = PBXFileReference; explicitFileType = wrapper.cfbundle; includeInIndex = 0; path = "POISearch热点检索UITests.xctest"; sourceTree = BUILT_PRODUCTS_DIR; };
		BC23815E1C5AF762000E09EF /* POISearch____UITests.m */ = {isa = PBXFileReference; lastKnownFileType = sourcecode.c.objc; path = "POISearch____UITests.m"; sourceTree = "<group>"; };
		BC2381601C5AF762000E09EF /* Info.plist */ = {isa = PBXFileReference; lastKnownFileType = text.plist.xml; path = Info.plist; sourceTree = "<group>"; };
		BC23816C1C5B02DF000E09EF /* MyAnnotation.h */ = {isa = PBXFileReference; fileEncoding = 4; lastKnownFileType = sourcecode.c.h; path = MyAnnotation.h; sourceTree = "<group>"; };
		BC23816D1C5B02DF000E09EF /* MyAnnotation.m */ = {isa = PBXFileReference; fileEncoding = 4; lastKnownFileType = sourcecode.c.objc; path = MyAnnotation.m; sourceTree = "<group>"; };
/* End PBXFileReference section */

/* Begin PBXFrameworksBuildPhase section */
		BC2381331C5AF762000E09EF /* Frameworks */ = {
			isa = PBXFrameworksBuildPhase;
			buildActionMask = 2147483647;
			files = (
			);
			runOnlyForDeploymentPostprocessing = 0;
		};
		BC23814C1C5AF762000E09EF /* Frameworks */ = {
			isa = PBXFrameworksBuildPhase;
			buildActionMask = 2147483647;
			files = (
			);
			runOnlyForDeploymentPostprocessing = 0;
		};
		BC2381571C5AF762000E09EF /* Frameworks */ = {
			isa = PBXFrameworksBuildPhase;
			buildActionMask = 2147483647;
			files = (
			);
			runOnlyForDeploymentPostprocessing = 0;
		};
/* End PBXFrameworksBuildPhase section */

/* Begin PBXGroup section */
		BC23812D1C5AF762000E09EF = {
			isa = PBXGroup;
			children = (
				BC2381381C5AF762000E09EF /* POISearch热点检索 */,
				BC2381521C5AF762000E09EF /* POISearch热点检索Tests */,
				BC23815D1C5AF762000E09EF /* POISearch热点检索UITests */,
				BC2381371C5AF762000E09EF /* Products */,
			);
			sourceTree = "<group>";
		};
		BC2381371C5AF762000E09EF /* Products */ = {
			isa = PBXGroup;
			children = (
				BC2381361C5AF762000E09EF /* POISearch热点检索.app */,
				BC23814F1C5AF762000E09EF /* POISearch热点检索Tests.xctest */,
				BC23815A1C5AF762000E09EF /* POISearch热点检索UITests.xctest */,
			);
			name = Products;
			sourceTree = "<group>";
		};
		BC2381381C5AF762000E09EF /* POISearch热点检索 */ = {
			isa = PBXGroup;
			children = (
				BC23813C1C5AF762000E09EF /* AppDelegate.h */,
				BC23813D1C5AF762000E09EF /* AppDelegate.m */,
				BC23813F1C5AF762000E09EF /* ViewController.h */,
				BC2381401C5AF762000E09EF /* ViewController.m */,
				BC23816C1C5B02DF000E09EF /* MyAnnotation.h */,
				BC23816D1C5B02DF000E09EF /* MyAnnotation.m */,
				BC2381421C5AF762000E09EF /* Main.storyboard */,
				BC2381451C5AF762000E09EF /* Assets.xcassets */,
				BC2381471C5AF762000E09EF /* LaunchScreen.storyboard */,
				BC23814A1C5AF762000E09EF /* Info.plist */,
				BC2381391C5AF762000E09EF /* Supporting Files */,
			);
			path = "POISearch热点检索";
			sourceTree = "<group>";
		};
		BC2381391C5AF762000E09EF /* Supporting Files */ = {
			isa = PBXGroup;
			children = (
				BC23813A1C5AF762000E09EF /* main.m */,
			);
			name = "Supporting Files";
			sourceTree = "<group>";
		};
		BC2381521C5AF762000E09EF /* POISearch热点检索Tests */ = {
			isa = PBXGroup;
			children = (
				BC2381531C5AF762000E09EF /* POISearch____Tests.m */,
				BC2381551C5AF762000E09EF /* Info.plist */,
			);
			path = "POISearch热点检索Tests";
			sourceTree = "<group>";
		};
		BC23815D1C5AF762000E09EF /* POISearch热点检索UITests */ = {
			isa = PBXGroup;
			children = (
				BC23815E1C5AF762000E09EF /* POISearch____UITests.m */,
				BC2381601C5AF762000E09EF /* Info.plist */,
			);
			path = "POISearch热点检索UITests";
			sourceTree = "<group>";
		};
/* End PBXGroup section */

/* Begin PBXNativeTarget section */
		BC2381351C5AF762000E09EF /* POISearch热点检索 */ = {
			isa = PBXNativeTarget;
			buildConfigurationList = BC2381631C5AF762000E09EF /* Build configuration list for PBXNativeTarget "POISearch热点检索" */;
			buildPhases = (
				BC2381321C5AF762000E09EF /* Sources */,
				BC2381331C5AF762000E09EF /* Frameworks */,
				BC2381341C5AF762000E09EF /* Resources */,
			);
			buildRules = (
			);
			dependencies = (
			);
			name = "POISearch热点检索";
			productName = "POISearch热点检索";
			productReference = BC2381361C5AF762000E09EF /* POISearch热点检索.app */;
			productType = "com.apple.product-type.application";
		};
		BC23814E1C5AF762000E09EF /* POISearch热点检索Tests */ = {
			isa = PBXNativeTarget;
			buildConfigurationList = BC2381661C5AF762000E09EF /* Build configuration list for PBXNativeTarget "POISearch热点检索Tests" */;
			buildPhases = (
				BC23814B1C5AF762000E09EF /* Sources */,
				BC23814C1C5AF762000E09EF /* Frameworks */,
				BC23814D1C5AF762000E09EF /* Resources */,
			);
			buildRules = (
			);
			dependencies = (
				BC2381511C5AF762000E09EF /* PBXTargetDependency */,
			);
			name = "POISearch热点检索Tests";
			productName = "POISearch热点检索Tests";
			productReference = BC23814F1C5AF762000E09EF /* POISearch热点检索Tests.xctest */;
			productType = "com.apple.product-type.bundle.unit-test";
		};
		BC2381591C5AF762000E09EF /* POISearch热点检索UITests */ = {
			isa = PBXNativeTarget;
			buildConfigurationList = BC2381691C5AF762000E09EF /* Build configuration list for PBXNativeTarget "POISearch热点检索UITests" */;
			buildPhases = (
				BC2381561C5AF762000E09EF /* Sources */,
				BC2381571C5AF762000E09EF /* Frameworks */,
				BC2381581C5AF762000E09EF /* Resources */,
			);
			buildRules = (
			);
			dependencies = (
				BC23815C1C5AF762000E09EF /* PBXTargetDependency */,
			);
			name = "POISearch热点检索UITests";
			productName = "POISearch热点检索UITests";
			productReference = BC23815A1C5AF762000E09EF /* POISearch热点检索UITests.xctest */;
			productType = "com.apple.product-type.bundle.ui-testing";
		};
/* End PBXNativeTarget section */

/* Begin PBXProject section */
		BC23812E1C5AF762000E09EF /* Project object */ = {
			isa = PBXProject;
			attributes = {
				LastUpgradeCheck = 0710;
				ORGANIZATIONNAME = Jane;
				TargetAttributes = {
					BC2381351C5AF762000E09EF = {
						CreatedOnToolsVersion = 7.1;
					};
					BC23814E1C5AF762000E09EF = {
						CreatedOnToolsVersion = 7.1;
						TestTargetID = BC2381351C5AF762000E09EF;
					};
					BC2381591C5AF762000E09EF = {
						CreatedOnToolsVersion = 7.1;
						TestTargetID = BC2381351C5AF762000E09EF;
					};
				};
			};
			buildConfigurationList = BC2381311C5AF762000E09EF /* Build configuration list for PBXProject "POISearch热点检索" */;
			compatibilityVersion = "Xcode 3.2";
			developmentRegion = English;
			hasScannedForEncodings = 0;
			knownRegions = (
				en,
				Base,
			);
			mainGroup = BC23812D1C5AF762000E09EF;
			productRefGroup = BC2381371C5AF762000E09EF /* Products */;
			projectDirPath = "";
			projectRoot = "";
			targets = (
				BC2381351C5AF762000E09EF /* POISearch热点检索 */,
				BC23814E1C5AF762000E09EF /* POISearch热点检索Tests */,
				BC2381591C5AF762000E09EF /* POISearch热点检索UITests */,
			);
		};
/* End PBXProject section */

/* Begin PBXResourcesBuildPhase section */
		BC2381341C5AF762000E09EF /* Resources */ = {
			isa = PBXResourcesBuildPhase;
			buildActionMask = 2147483647;
			files = (
				BC2381491C5AF762000E09EF /* LaunchScreen.storyboard in Resources */,
				BC2381461C5AF762000E09EF /* Assets.xcassets in Resources */,
				BC2381441C5AF762000E09EF /* Main.storyboard in Resources */,
			);
			runOnlyForDeploymentPostprocessing = 0;
		};
		BC23814D1C5AF762000E09EF /* Resources */ = {
			isa = PBXResourcesBuildPhase;
			buildActionMask = 2147483647;
			files = (
			);
			runOnlyForDeploymentPostprocessing = 0;
		};
		BC2381581C5AF762000E09EF /* Resources */ = {
			isa = PBXResourcesBuildPhase;
			buildActionMask = 2147483647;
			files = (
			);
			runOnlyForDeploymentPostprocessing = 0;
		};
/* End PBXResourcesBuildPhase section */

/* Begin PBXSourcesBuildPhase section */
		BC2381321C5AF762000E09EF /* Sources */ = {
			isa = PBXSourcesBuildPhase;
			buildActionMask = 2147483647;
			files = (
				BC2381411C5AF762000E09EF /* ViewController.m in Sources */,
				BC23813E1C5AF762000E09EF /* AppDelegate.m in Sources */,
				BC23816E1C5B02DF000E09EF /* MyAnnotation.m in Sources */,
				BC23813B1C5AF762000E09EF /* main.m in Sources */,
			);
			runOnlyForDeploymentPostprocessing = 0;
		};
		BC23814B1C5AF762000E09EF /* Sources */ = {
			isa = PBXSourcesBuildPhase;
			buildActionMask = 2147483647;
			files = (
				BC2381541C5AF762000E09EF /* POISearch____Tests.m in Sources */,
			);
			runOnlyForDeploymentPostprocessing = 0;
		};
		BC2381561C5AF762000E09EF /* Sources */ = {
			isa = PBXSourcesBuildPhase;
			buildActionMask = 2147483647;
			files = (
				BC23815F1C5AF762000E09EF /* POISearch____UITests.m in Sources */,
			);
			runOnlyForDeploymentPostprocessing = 0;
		};
/* End PBXSourcesBuildPhase section */

/* Begin PBXTargetDependency section */
		BC2381511C5AF762000E09EF /* PBXTargetDependency */ = {
			isa = PBXTargetDependency;
			target = BC2381351C5AF762000E09EF /* POISearch热点检索 */;
			targetProxy = BC2381501C5AF762000E09EF /* PBXContainerItemProxy */;
		};
		BC23815C1C5AF762000E09EF /* PBXTargetDependency */ = {
			isa = PBXTargetDependency;
			target = BC2381351C5AF762000E09EF /* POISearch热点检索 */;
			targetProxy = BC23815B1C5AF762000E09EF /* PBXContainerItemProxy */;
		};
/* End PBXTargetDependency section */

/* Begin PBXVariantGroup section */
		BC2381421C5AF762000E09EF /* Main.storyboard */ = {
			isa = PBXVariantGroup;
			children = (
				BC2381431C5AF762000E09EF /* Base */,
			);
			name = Main.storyboard;
			sourceTree = "<group>";
		};
		BC2381471C5AF762000E09EF /* LaunchScreen.storyboard */ = {
			isa = PBXVariantGroup;
			children = (
				BC2381481C5AF762000E09EF /* Base */,
			);
			name = LaunchScreen.storyboard;
			sourceTree = "<group>";
		};
/* End PBXVariantGroup section */

/* Begin XCBuildConfiguration section */
		BC2381611C5AF762000E09EF /* Debug */ = {
			isa = XCBuildConfiguration;
			buildSettings = {
				ALWAYS_SEARCH_USER_PATHS = NO;
				CLANG_CXX_LANGUAGE_STANDARD = "gnu++0x";
				CLANG_CXX_LIBRARY = "libc++";
				CLANG_ENABLE_MODULES = YES;
				CLANG_ENABLE_OBJC_ARC = YES;
				CLANG_WARN_BOOL_CONVERSION = YES;
				CLANG_WARN_CONSTANT_CONVERSION = YES;
				CLANG_WARN_DIRECT_OBJC_ISA_USAGE = YES_ERROR;
				CLANG_WARN_EMPTY_BODY = YES;
				CLANG_WARN_ENUM_CONVERSION = YES;
				CLANG_WARN_INT_CONVERSION = YES;
				CLANG_WARN_OBJC_ROOT_CLASS = YES_ERROR;
				CLANG_WARN_UNREACHABLE_CODE = YES;
				CLANG_WARN__DUPLICATE_METHOD_MATCH = YES;
				"CODE_SIGN_IDENTITY[sdk=iphoneos*]" = "iPhone Developer";
				COPY_PHASE_STRIP = NO;
				DEBUG_INFORMATION_FORMAT = dwarf;
				ENABLE_STRICT_OBJC_MSGSEND = YES;
				ENABLE_TESTABILITY = YES;
				GCC_C_LANGUAGE_STANDARD = gnu99;
				GCC_DYNAMIC_NO_PIC = NO;
				GCC_NO_COMMON_BLOCKS = YES;
				GCC_OPTIMIZATION_LEVEL = 0;
				GCC_PREPROCESSOR_DEFINITIONS = (
					"DEBUG=1",
					"$(inherited)",
				);
				GCC_WARN_64_TO_32_BIT_CONVERSION = YES;
				GCC_WARN_ABOUT_RETURN_TYPE = YES_ERROR;
				GCC_WARN_UNDECLARED_SELECTOR = YES;
				GCC_WARN_UNINITIALIZED_AUTOS = YES_AGGRESSIVE;
				GCC_WARN_UNUSED_FUNCTION = YES;
				GCC_WARN_UNUSED_VARIABLE = YES;
				IPHONEOS_DEPLOYMENT_TARGET = 9.1;
				MTL_ENABLE_DEBUG_INFO = YES;
				ONLY_ACTIVE_ARCH = YES;
				SDKROOT = iphoneos;
			};
			name = Debug;
		};
		BC2381621C5AF762000E09EF /* Release */ = {
			isa = XCBuildConfiguration;
			buildSettings = {
				ALWAYS_SEARCH_USER_PATHS = NO;
				CLANG_CXX_LANGUAGE_STANDARD = "gnu++0x";
				CLANG_CXX_LIBRARY = "libc++";
				CLANG_ENABLE_MODULES = YES;
				CLANG_ENABLE_OBJC_ARC = YES;
				CLANG_WARN_BOOL_CONVERSION = YES;
				CLANG_WARN_CONSTANT_CONVERSION = YES;
				CLANG_WARN_DIRECT_OBJC_ISA_USAGE = YES_ERROR;
				CLANG_WARN_EMPTY_BODY = YES;
				CLANG_WARN_ENUM_CONVERSION = YES;
				CLANG_WARN_INT_CONVERSION = YES;
				CLANG_WARN_OBJC_ROOT_CLASS = YES_ERROR;
				CLANG_WARN_UNREACHABLE_CODE = YES;
				CLANG_WARN__DUPLICATE_METHOD_MATCH = YES;
				"CODE_SIGN_IDENTITY[sdk=iphoneos*]" = "iPhone Developer";
				COPY_PHASE_STRIP = NO;
				DEBUG_INFORMATION_FORMAT = "dwarf-with-dsym";
				ENABLE_NS_ASSERTIONS = NO;
				ENABLE_STRICT_OBJC_MSGSEND = YES;
				GCC_C_LANGUAGE_STANDARD = gnu99;
				GCC_NO_COMMON_BLOCKS = YES;
				GCC_WARN_64_TO_32_BIT_CONVERSION = YES;
				GCC_WARN_ABOUT_RETURN_TYPE = YES_ERROR;
				GCC_WARN_UNDECLARED_SELECTOR = YES;
				GCC_WARN_UNINITIALIZED_AUTOS = YES_AGGRESSIVE;
				GCC_WARN_UNUSED_FUNCTION = YES;
				GCC_WARN_UNUSED_VARIABLE = YES;
				IPHONEOS_DEPLOYMENT_TARGET = 9.1;
				MTL_ENABLE_DEBUG_INFO = NO;
				SDKROOT = iphoneos;
				VALIDATE_PRODUCT = YES;
			};
			name = Release;
		};
		BC2381641C5AF762000E09EF /* Debug */ = {
			isa = XCBuildConfiguration;
			buildSettings = {
				ASSETCATALOG_COMPILER_APPICON_NAME = AppIcon;
				INFOPLIST_FILE = "POISearch热点检索/Info.plist";
				LD_RUNPATH_SEARCH_PATHS = "$(inherited) @executable_path/Frameworks";
				PRODUCT_BUNDLE_IDENTIFIER = "com.1519.POISearch----";
				PRODUCT_NAME = "$(TARGET_NAME)";
			};
			name = Debug;
		};
		BC2381651C5AF762000E09EF /* Release */ = {
			isa = XCBuildConfiguration;
			buildSettings = {
				ASSETCATALOG_COMPILER_APPICON_NAME = AppIcon;
				INFOPLIST_FILE = "POISearch热点检索/Info.plist";
				LD_RUNPATH_SEARCH_PATHS = "$(inherited) @executable_path/Frameworks";
				PRODUCT_BUNDLE_IDENTIFIER = "com.1519.POISearch----";
				PRODUCT_NAME = "$(TARGET_NAME)";
			};
			name = Release;
		};
		BC2381671C5AF762000E09EF /* Debug */ = {
			isa = XCBuildConfiguration;
			buildSettings = {
				BUNDLE_LOADER = "$(TEST_HOST)";
				INFOPLIST_FILE = "POISearch热点检索Tests/Info.plist";
				LD_RUNPATH_SEARCH_PATHS = "$(inherited) @executable_path/Frameworks @loader_path/Frameworks";
				PRODUCT_BUNDLE_IDENTIFIER = "com.1519.POISearch----Tests";
				PRODUCT_NAME = "$(TARGET_NAME)";
				TEST_HOST = "$(BUILT_PRODUCTS_DIR)/POISearch热点检索.app/POISearch热点检索";
			};
			name = Debug;
		};
		BC2381681C5AF762000E09EF /* Release */ = {
			isa = XCBuildConfiguration;
			buildSettings = {
				BUNDLE_LOADER = "$(TEST_HOST)";
				INFOPLIST_FILE = "POISearch热点检索Tests/Info.plist";
				LD_RUNPATH_SEARCH_PATHS = "$(inherited) @executable_path/Frameworks @loader_path/Frameworks";
				PRODUCT_BUNDLE_IDENTIFIER = "com.1519.POISearch----Tests";
				PRODUCT_NAME = "$(TARGET_NAME)";
				TEST_HOST = "$(BUILT_PRODUCTS_DIR)/POISearch热点检索.app/POISearch热点检索";
			};
			name = Release;
		};
		BC23816A1C5AF762000E09EF /* Debug */ = {
			isa = XCBuildConfiguration;
			buildSettings = {
				INFOPLIST_FILE = "POISearch热点检索UITests/Info.plist";
				LD_RUNPATH_SEARCH_PATHS = "$(inherited) @executable_path/Frameworks @loader_path/Frameworks";
				PRODUCT_BUNDLE_IDENTIFIER = "com.1519.POISearch----UITests";
				PRODUCT_NAME = "$(TARGET_NAME)";
				TEST_TARGET_NAME = "POISearch热点检索";
				USES_XCTRUNNER = YES;
			};
			name = Debug;
		};
		BC23816B1C5AF762000E09EF /* Release */ = {
			isa = XCBuildConfiguration;
			buildSettings = {
				INFOPLIST_FILE = "POISearch热点检索UITests/Info.plist";
				LD_RUNPATH_SEARCH_PATHS = "$(inherited) @executable_path/Frameworks @loader_path/Frameworks";
				PRODUCT_BUNDLE_IDENTIFIER = "com.1519.POISearch----UITests";
				PRODUCT_NAME = "$(TARGET_NAME)";
				TEST_TARGET_NAME = "POISearch热点检索";
				USES_XCTRUNNER = YES;
			};
			name = Release;
		};
/* End XCBuildConfiguration section */

/* Begin XCConfigurationList section */
		BC2381311C5AF762000E09EF /* Build configuration list for PBXProject "POISearch热点检索" */ = {
			isa = XCConfigurationList;
			buildConfigurations = (
				BC2381611C5AF762000E09EF /* Debug */,
				BC2381621C5AF762000E09EF /* Release */,
			);
			defaultConfigurationIsVisible = 0;
			defaultConfigurationName = Release;
		};
		BC2381631C5AF762000E09EF /* Build configuration list for PBXNativeTarget "POISearch热点检索" */ = {
			isa = XCConfigurationList;
			buildConfigurations = (
				BC2381641C5AF762000E09EF /* Debug */,
				BC2381651C5AF762000E09EF /* Release */,
			);
			defaultConfigurationIsVisible = 0;
		};
		BC2381661C5AF762000E09EF /* Build configuration list for PBXNativeTarget "POISearch热点检索Tests" */ = {
			isa = XCConfigurationList;
			buildConfigurations = (
				BC2381671C5AF762000E09EF /* Debug */,
				BC2381681C5AF762000E09EF /* Release */,
			);
			defaultConfigurationIsVisible = 0;
		};
		BC2381691C5AF762000E09EF /* Build configuration list for PBXNativeTarget "POISearch热点检索UITests" */ = {
			isa = XCConfigurationList;
			buildConfigurations = (
				BC23816A1C5AF762000E09EF /* Debug */,
				BC23816B1C5AF762000E09EF /* Release */,
			);
			defaultConfigurationIsVisible = 0;
		};
/* End XCConfigurationList section */
	};
	rootObject = BC23812E1C5AF762000E09EF /* Project object */;
}
